
Microsoft Visual Studio Solution File, Format Version 12.00
# Visual Studio Version 17
VisualStudioVersion = 17.2.32427.441
MinimumVisualStudioVersion = 10.0.40219.1
Project("{9A19103F-16F7-4668-BE54-9A1E7A4F7556}") = "SantMarti.Z80", "SantMarti.Z80\SantMarti.Z80.csproj", "{E474C3D2-93C6-4A57-A323-FA61441C4E6F}"
EndProject
Project("{9A19103F-16F7-4668-BE54-9A1E7A4F7556}") = "SantMarti.Spectrum", "SantMarti.Spectrum\SantMarti.Spectrum.csproj", "{5BAFC0F1-C552-440D-BABB-54F3E1ECC89C}"
EndProject
Project("{FAE04EC0-301F-11D3-BF4B-00C04F79EFBC}") = "SantMarti.Z80.Tests", "SantMarti.Z80.Tests\SantMarti.Z80.Tests.csproj", "{45ABEE1F-DF94-4411-B254-3D10E1F4B2F0}"
EndProject
Project("{FAE04EC0-301F-11D3-BF4B-00C04F79EFBC}") = "SantMarti.Z80.Debug", "SantMarti.Z80.Debug\SantMarti.Z80.Debug.csproj", "{66E7C94B-EA9C-4650-80E2-6013D2C42A23}"
EndProject
Project("{FAE04EC0-301F-11D3-BF4B-00C04F79EFBC}") = "SantMarti.Z80.Assembler", "SantMarti.Z80.Assembler\SantMarti.Z80.Assembler.csproj", "{BB6B5D15-8D7D-4495-B4DC-8EB1FDC9DEB1}"
EndProject
Project("{FAE04EC0-301F-11D3-BF4B-00C04F79EFBC}") = "SantMarti.Z80.Assembler.Tests", "SantMarti.Z80.Assembler.Tests\SantMarti.Z80.Assembler.Tests.csproj", "{FDE9FAEC-993F-4FE9-AD3B-6586F844A1AE}"
EndProject
Project("{FAE04EC0-301F-11D3-BF4B-00C04F79EFBC}") = "SantMarti.Z80.AsmConsole", "SantMarti.Z80.AsmConsole\SantMarti.Z80.AsmConsole.csproj", "{848E8622-36FE-46BF-A238-0BBDE0B8D7E4}"
EndProject
Project("{FAE04EC0-301F-11D3-BF4B-00C04F79EFBC}") = "SantMarti.Tape", "SantMarti.Tape\SantMarti.Tape.csproj", "{5D3827C4-582A-4224-B263-5588010FAE61}"
EndProject
Global
	GlobalSection(SolutionConfigurationPlatforms) = preSolution
		Debug|Any CPU = Debug|Any CPU
		Debug|x64 = Debug|x64
		Debug|x86 = Debug|x86
		Release|Any CPU = Release|Any CPU
		Release|x64 = Release|x64
		Release|x86 = Release|x86
	EndGlobalSection
	GlobalSection(ProjectConfigurationPlatforms) = postSolution
		{E474C3D2-93C6-4A57-A323-FA61441C4E6F}.Debug|Any CPU.ActiveCfg = Debug|Any CPU
		{E474C3D2-93C6-4A57-A323-FA61441C4E6F}.Debug|Any CPU.Build.0 = Debug|Any CPU
		{E474C3D2-93C6-4A57-A323-FA61441C4E6F}.Debug|x64.ActiveCfg = Debug|Any CPU
		{E474C3D2-93C6-4A57-A323-FA61441C4E6F}.Debug|x64.Build.0 = Debug|Any CPU
		{E474C3D2-93C6-4A57-A323-FA61441C4E6F}.Debug|x86.ActiveCfg = Debug|Any CPU
		{E474C3D2-93C6-4A57-A323-FA61441C4E6F}.Debug|x86.Build.0 = Debug|Any CPU
		{E474C3D2-93C6-4A57-A323-FA61441C4E6F}.Release|Any CPU.ActiveCfg = Release|Any CPU
		{E474C3D2-93C6-4A57-A323-FA61441C4E6F}.Release|Any CPU.Build.0 = Release|Any CPU
		{E474C3D2-93C6-4A57-A323-FA61441C4E6F}.Release|x64.ActiveCfg = Release|Any CPU
		{E474C3D2-93C6-4A57-A323-FA61441C4E6F}.Release|x64.Build.0 = Release|Any CPU
		{E474C3D2-93C6-4A57-A323-FA61441C4E6F}.Release|x86.ActiveCfg = Release|Any CPU
		{E474C3D2-93C6-4A57-A323-FA61441C4E6F}.Release|x86.Build.0 = Release|Any CPU
		{5BAFC0F1-C552-440D-BABB-54F3E1ECC89C}.Debug|Any CPU.ActiveCfg = Debug|Any CPU
		{5BAFC0F1-C552-440D-BABB-54F3E1ECC89C}.Debug|Any CPU.Build.0 = Debug|Any CPU
		{5BAFC0F1-C552-440D-BABB-54F3E1ECC89C}.Debug|x64.ActiveCfg = Debug|Any CPU
		{5BAFC0F1-C552-440D-BABB-54F3E1ECC89C}.Debug|x64.Build.0 = Debug|Any CPU
		{5BAFC0F1-C552-440D-BABB-54F3E1ECC89C}.Debug|x86.ActiveCfg = Debug|Any CPU
		{5BAFC0F1-C552-440D-BABB-54F3E1ECC89C}.Debug|x86.Build.0 = Debug|Any CPU
		{5BAFC0F1-C552-440D-BABB-54F3E1ECC89C}.Release|Any CPU.ActiveCfg = Release|Any CPU
		{5BAFC0F1-C552-440D-BABB-54F3E1ECC89C}.Release|Any CPU.Build.0 = Release|Any CPU
		{5BAFC0F1-C552-440D-BABB-54F3E1ECC89C}.Release|x64.ActiveCfg = Release|Any CPU
		{5BAFC0F1-C552-440D-BABB-54F3E1ECC89C}.Release|x64.Build.0 = Release|Any CPU
		{5BAFC0F1-C552-440D-BABB-54F3E1ECC89C}.Release|x86.ActiveCfg = Release|Any CPU
		{5BAFC0F1-C552-440D-BABB-54F3E1ECC89C}.Release|x86.Build.0 = Release|Any CPU
		{45ABEE1F-DF94-4411-B254-3D10E1F4B2F0}.Debug|Any CPU.ActiveCfg = Debug|Any CPU
		{45ABEE1F-DF94-4411-B254-3D10E1F4B2F0}.Debug|Any CPU.Build.0 = Debug|Any CPU
		{45ABEE1F-DF94-4411-B254-3D10E1F4B2F0}.Debug|x64.ActiveCfg = Debug|Any CPU
		{45ABEE1F-DF94-4411-B254-3D10E1F4B2F0}.Debug|x64.Build.0 = Debug|Any CPU
		{45ABEE1F-DF94-4411-B254-3D10E1F4B2F0}.Debug|x86.ActiveCfg = Debug|Any CPU
		{45ABEE1F-DF94-4411-B254-3D10E1F4B2F0}.Debug|x86.Build.0 = Debug|Any CPU
		{45ABEE1F-DF94-4411-B254-3D10E1F4B2F0}.Release|Any CPU.ActiveCfg = Release|Any CPU
		{45ABEE1F-DF94-4411-B254-3D10E1F4B2F0}.Release|Any CPU.Build.0 = Release|Any CPU
		{45ABEE1F-DF94-4411-B254-3D10E1F4B2F0}.Release|x64.ActiveCfg = Release|Any CPU
		{45ABEE1F-DF94-4411-B254-3D10E1F4B2F0}.Release|x64.Build.0 = Release|Any CPU
		{45ABEE1F-DF94-4411-B254-3D10E1F4B2F0}.Release|x86.ActiveCfg = Release|Any CPU
		{45ABEE1F-DF94-4411-B254-3D10E1F4B2F0}.Release|x86.Build.0 = Release|Any CPU
		{66E7C94B-EA9C-4650-80E2-6013D2C42A23}.Debug|Any CPU.ActiveCfg = Debug|Any CPU
		{66E7C94B-EA9C-4650-80E2-6013D2C42A23}.Debug|Any CPU.Build.0 = Debug|Any CPU
		{66E7C94B-EA9C-4650-80E2-6013D2C42A23}.Debug|x64.ActiveCfg = Debug|Any CPU
		{66E7C94B-EA9C-4650-80E2-6013D2C42A23}.Debug|x64.Build.0 = Debug|Any CPU
		{66E7C94B-EA9C-4650-80E2-6013D2C42A23}.Debug|x86.ActiveCfg = Debug|Any CPU
		{66E7C94B-EA9C-4650-80E2-6013D2C42A23}.Debug|x86.Build.0 = Debug|Any CPU
		{66E7C94B-EA9C-4650-80E2-6013D2C42A23}.Release|Any CPU.ActiveCfg = Release|Any CPU
		{66E7C94B-EA9C-4650-80E2-6013D2C42A23}.Release|Any CPU.Build.0 = Release|Any CPU
		{66E7C94B-EA9C-4650-80E2-6013D2C42A23}.Release|x64.ActiveCfg = Release|Any CPU
		{66E7C94B-EA9C-4650-80E2-6013D2C42A23}.Release|x64.Build.0 = Release|Any CPU
		{66E7C94B-EA9C-4650-80E2-6013D2C42A23}.Release|x86.ActiveCfg = Release|Any CPU
		{66E7C94B-EA9C-4650-80E2-6013D2C42A23}.Release|x86.Build.0 = Release|Any CPU
		{BB6B5D15-8D7D-4495-B4DC-8EB1FDC9DEB1}.Debug|Any CPU.ActiveCfg = Debug|Any CPU
		{BB6B5D15-8D7D-4495-B4DC-8EB1FDC9DEB1}.Debug|Any CPU.Build.0 = Debug|Any CPU
		{BB6B5D15-8D7D-4495-B4DC-8EB1FDC9DEB1}.Debug|x64.ActiveCfg = Debug|Any CPU
		{BB6B5D15-8D7D-4495-B4DC-8EB1FDC9DEB1}.Debug|x64.Build.0 = Debug|Any CPU
		{BB6B5D15-8D7D-4495-B4DC-8EB1FDC9DEB1}.Debug|x86.ActiveCfg = Debug|Any CPU
		{BB6B5D15-8D7D-4495-B4DC-8EB1FDC9DEB1}.Debug|x86.Build.0 = Debug|Any CPU
		{BB6B5D15-8D7D-4495-B4DC-8EB1FDC9DEB1}.Release|Any CPU.ActiveCfg = Release|Any CPU
		{BB6B5D15-8D7D-4495-B4DC-8EB1FDC9DEB1}.Release|Any CPU.Build.0 = Release|Any CPU
		{BB6B5D15-8D7D-4495-B4DC-8EB1FDC9DEB1}.Release|x64.ActiveCfg = Release|Any CPU
		{BB6B5D15-8D7D-4495-B4DC-8EB1FDC9DEB1}.Release|x64.Build.0 = Release|Any CPU
		{BB6B5D15-8D7D-4495-B4DC-8EB1FDC9DEB1}.Release|x86.ActiveCfg = Release|Any CPU
		{BB6B5D15-8D7D-4495-B4DC-8EB1FDC9DEB1}.Release|x86.Build.0 = Release|Any CPU
		{FDE9FAEC-993F-4FE9-AD3B-6586F844A1AE}.Debug|Any CPU.ActiveCfg = Debug|Any CPU
		{FDE9FAEC-993F-4FE9-AD3B-6586F844A1AE}.Debug|Any CPU.Build.0 = Debug|Any CPU
		{FDE9FAEC-993F-4FE9-AD3B-6586F844A1AE}.Debug|x64.ActiveCfg = Debug|Any CPU
		{FDE9FAEC-993F-4FE9-AD3B-6586F844A1AE}.Debug|x64.Build.0 = Debug|Any CPU
		{FDE9FAEC-993F-4FE9-AD3B-6586F844A1AE}.Debug|x86.ActiveCfg = Debug|Any CPU
		{FDE9FAEC-993F-4FE9-AD3B-6586F844A1AE}.Debug|x86.Build.0 = Debug|Any CPU
		{FDE9FAEC-993F-4FE9-AD3B-6586F844A1AE}.Release|Any CPU.ActiveCfg = Release|Any CPU
		{FDE9FAEC-993F-4FE9-AD3B-6586F844A1AE}.Release|Any CPU.Build.0 = Release|Any CPU
		{FDE9FAEC-993F-4FE9-AD3B-6586F844A1AE}.Release|x64.ActiveCfg = Release|Any CPU
		{FDE9FAEC-993F-4FE9-AD3B-6586F844A1AE}.Release|x64.Build.0 = Release|Any CPU
		{FDE9FAEC-993F-4FE9-AD3B-6586F844A1AE}.Release|x86.ActiveCfg = Release|Any CPU
		{FDE9FAEC-993F-4FE9-AD3B-6586F844A1AE}.Release|x86.Build.0 = Release|Any CPU
		{848E8622-36FE-46BF-A238-0BBDE0B8D7E4}.Debug|Any CPU.ActiveCfg = Debug|Any CPU
		{848E8622-36FE-46BF-A238-0BBDE0B8D7E4}.Debug|Any CPU.Build.0 = Debug|Any CPU
		{848E8622-36FE-46BF-A238-0BBDE0B8D7E4}.Debug|x64.ActiveCfg = Debug|Any CPU
		{848E8622-36FE-46BF-A238-0BBDE0B8D7E4}.Debug|x64.Build.0 = Debug|Any CPU
		{848E8622-36FE-46BF-A238-0BBDE0B8D7E4}.Debug|x86.ActiveCfg = Debug|Any CPU
		{848E8622-36FE-46BF-A238-0BBDE0B8D7E4}.Debug|x86.Build.0 = Debug|Any CPU
		{848E8622-36FE-46BF-A238-0BBDE0B8D7E4}.Release|Any CPU.ActiveCfg = Release|Any CPU
		{848E8622-36FE-46BF-A238-0BBDE0B8D7E4}.Release|Any CPU.Build.0 = Release|Any CPU
		{848E8622-36FE-46BF-A238-0BBDE0B8D7E4}.Release|x64.ActiveCfg = Release|Any CPU
		{848E8622-36FE-46BF-A238-0BBDE0B8D7E4}.Release|x64.Build.0 = Release|Any CPU
		{848E8622-36FE-46BF-A238-0BBDE0B8D7E4}.Release|x86.ActiveCfg = Release|Any CPU
		{848E8622-36FE-46BF-A238-0BBDE0B8D7E4}.Release|x86.Build.0 = Release|Any CPU
		{5D3827C4-582A-4224-B263-5588010FAE61}.Debug|Any CPU.ActiveCfg = Debug|Any CPU
		{5D3827C4-582A-4224-B263-5588010FAE61}.Debug|Any CPU.Build.0 = Debug|Any CPU
		{5D3827C4-582A-4224-B263-5588010FAE61}.Debug|x64.ActiveCfg = Debug|Any CPU
		{5D3827C4-582A-4224-B263-5588010FAE61}.Debug|x64.Build.0 = Debug|Any CPU
		{5D3827C4-582A-4224-B263-5588010FAE61}.Debug|x86.ActiveCfg = Debug|Any CPU
		{5D3827C4-582A-4224-B263-5588010FAE61}.Debug|x86.Build.0 = Debug|Any CPU
		{5D3827C4-582A-4224-B263-5588010FAE61}.Release|Any CPU.ActiveCfg = Release|Any CPU
		{5D3827C4-582A-4224-B263-5588010FAE61}.Release|Any CPU.Build.0 = Release|Any CPU
		{5D3827C4-582A-4224-B263-5588010FAE61}.Release|x64.ActiveCfg = Release|Any CPU
		{5D3827C4-582A-4224-B263-5588010FAE61}.Release|x64.Build.0 = Release|Any CPU
		{5D3827C4-582A-4224-B263-5588010FAE61}.Release|x86.ActiveCfg = Release|Any CPU
		{5D3827C4-582A-4224-B263-5588010FAE61}.Release|x86.Build.0 = Release|Any CPU
	EndGlobalSection
	GlobalSection(SolutionProperties) = preSolution
		HideSolutionNode = FALSE
	EndGlobalSection
	GlobalSection(ExtensibilityGlobals) = postSolution
		SolutionGuid = {0F58B665-3DA1-448B-A611-B18015176ED5}
	EndGlobalSection
EndGlobal
